// !$*UTF8*$!
{
	archiveVersion = 1;
	classes = {
	};
	objectVersion = 56;
	objects = {

/* Begin PBXBuildFile section */
		8C682AAA29F356C30084DAC8 /* AppDelegate.swift in Sources */ = {isa = PBXBuildFile; fileRef = 8C682AA929F356C30084DAC8 /* AppDelegate.swift */; };
		8C682AAC29F356C30084DAC8 /* SceneDelegate.swift in Sources */ = {isa = PBXBuildFile; fileRef = 8C682AAB29F356C30084DAC8 /* SceneDelegate.swift */; };
		8C682AAE29F356C30084DAC8 /* MainNewsView.swift in Sources */ = {isa = PBXBuildFile; fileRef = 8C682AAD29F356C30084DAC8 /* MainNewsView.swift */; };
		8C682AB129F356C30084DAC8 /* Main.storyboard in Resources */ = {isa = PBXBuildFile; fileRef = 8C682AAF29F356C30084DAC8 /* Main.storyboard */; };
		8C682AB329F356C40084DAC8 /* Assets.xcassets in Resources */ = {isa = PBXBuildFile; fileRef = 8C682AB229F356C40084DAC8 /* Assets.xcassets */; };
		8C682AB629F356C40084DAC8 /* LaunchScreen.storyboard in Resources */ = {isa = PBXBuildFile; fileRef = 8C682AB429F356C40084DAC8 /* LaunchScreen.storyboard */; };
		8C77CAB029FDCA8000787DD6 /* UIViewController+Instantiate.swift in Sources */ = {isa = PBXBuildFile; fileRef = 8C77CAAF29FDCA8000787DD6 /* UIViewController+Instantiate.swift */; };
		8C91D67629F35AA600F33FDA /* Constants.swift in Sources */ = {isa = PBXBuildFile; fileRef = 8C91D67529F35AA600F33FDA /* Constants.swift */; };
		8C91D67829F35B3C00F33FDA /* NetworkLayer.swift in Sources */ = {isa = PBXBuildFile; fileRef = 8C91D67729F35B3C00F33FDA /* NetworkLayer.swift */; };
		8C91D67A29F35BE200F33FDA /* NewsAPI.swift in Sources */ = {isa = PBXBuildFile; fileRef = 8C91D67929F35BE200F33FDA /* NewsAPI.swift */; };
		8C91D67C29F35F0B00F33FDA /* News.swift in Sources */ = {isa = PBXBuildFile; fileRef = 8C91D67B29F35F0B00F33FDA /* News.swift */; };
		8CBD4B022A0004EB00DFE8B5 /* UIImageView+CornerRadius.swift in Sources */ = {isa = PBXBuildFile; fileRef = 8CBD4B012A0004EB00DFE8B5 /* UIImageView+CornerRadius.swift */; };
		8CBD4B042A00053B00DFE8B5 /* UIImageView+ScaleAspectFill.swift in Sources */ = {isa = PBXBuildFile; fileRef = 8CBD4B032A00053B00DFE8B5 /* UIImageView+ScaleAspectFill.swift */; };
		8CBD4B072A00641D00DFE8B5 /* NewsDetailedView.swift in Sources */ = {isa = PBXBuildFile; fileRef = 8CBD4B062A00641D00DFE8B5 /* NewsDetailedView.swift */; };
		8CBD4B0A2A0069A900DFE8B5 /* NoNewsFoundView.swift in Sources */ = {isa = PBXBuildFile; fileRef = 8CBD4B092A0069A900DFE8B5 /* NoNewsFoundView.swift */; };
		8CE6419E29F45E9700B0F555 /* SupportedCountries.swift in Sources */ = {isa = PBXBuildFile; fileRef = 8CE6419D29F45E9700B0F555 /* SupportedCountries.swift */; };
		8CE641A029F4642400B0F555 /* MainNewsController.swift in Sources */ = {isa = PBXBuildFile; fileRef = 8CE6419F29F4642400B0F555 /* MainNewsController.swift */; };
		8CE641A229F4687800B0F555 /* AlertShower.swift in Sources */ = {isa = PBXBuildFile; fileRef = 8CE641A129F4687800B0F555 /* AlertShower.swift */; };
		8CE641A529F4693A00B0F555 /* UITextField+Toolbar.swift in Sources */ = {isa = PBXBuildFile; fileRef = 8CE641A429F4693A00B0F555 /* UITextField+Toolbar.swift */; };
		8CE641A929F46B7B00B0F555 /* NewsCell.swift in Sources */ = {isa = PBXBuildFile; fileRef = 8CE641A729F46B7B00B0F555 /* NewsCell.swift */; };
		8CE641AA29F46B7B00B0F555 /* NewsCell.xib in Resources */ = {isa = PBXBuildFile; fileRef = 8CE641A829F46B7B00B0F555 /* NewsCell.xib */; };
		B44C9F5EF6DF6D9D06976E44 /* Pods_MVCNewsApp.framework in Frameworks */ = {isa = PBXBuildFile; fileRef = CE242694216B45788B13817F /* Pods_MVCNewsApp.framework */; };
/* End PBXBuildFile section */

/* Begin PBXFileReference section */
		1B95C535F59159C34160976A /* Pods-MVCNewsApp.debug.xcconfig */ = {isa = PBXFileReference; includeInIndex = 1; lastKnownFileType = text.xcconfig; name = "Pods-MVCNewsApp.debug.xcconfig"; path = "Target Support Files/Pods-MVCNewsApp/Pods-MVCNewsApp.debug.xcconfig"; sourceTree = "<group>"; };
		88DF5FBF8656303246889B59 /* Pods-MVCNewsApp.release.xcconfig */ = {isa = PBXFileReference; includeInIndex = 1; lastKnownFileType = text.xcconfig; name = "Pods-MVCNewsApp.release.xcconfig"; path = "Target Support Files/Pods-MVCNewsApp/Pods-MVCNewsApp.release.xcconfig"; sourceTree = "<group>"; };
		8C682AA629F356C30084DAC8 /* MVCNewsApp.app */ = {isa = PBXFileReference; explicitFileType = wrapper.application; includeInIndex = 0; path = MVCNewsApp.app; sourceTree = BUILT_PRODUCTS_DIR; };
		8C682AA929F356C30084DAC8 /* AppDelegate.swift */ = {isa = PBXFileReference; lastKnownFileType = sourcecode.swift; path = AppDelegate.swift; sourceTree = "<group>"; };
		8C682AAB29F356C30084DAC8 /* SceneDelegate.swift */ = {isa = PBXFileReference; lastKnownFileType = sourcecode.swift; path = SceneDelegate.swift; sourceTree = "<group>"; };
		8C682AAD29F356C30084DAC8 /* MainNewsView.swift */ = {isa = PBXFileReference; lastKnownFileType = sourcecode.swift; path = MainNewsView.swift; sourceTree = "<group>"; };
		8C682AB029F356C30084DAC8 /* Base */ = {isa = PBXFileReference; lastKnownFileType = file.storyboard; name = Base; path = Base.lproj/Main.storyboard; sourceTree = "<group>"; };
		8C682AB229F356C40084DAC8 /* Assets.xcassets */ = {isa = PBXFileReference; lastKnownFileType = folder.assetcatalog; path = Assets.xcassets; sourceTree = "<group>"; };
		8C682AB529F356C40084DAC8 /* Base */ = {isa = PBXFileReference; lastKnownFileType = file.storyboard; name = Base; path = Base.lproj/LaunchScreen.storyboard; sourceTree = "<group>"; };
		8C682AB729F356C40084DAC8 /* Info.plist */ = {isa = PBXFileReference; lastKnownFileType = text.plist.xml; path = Info.plist; sourceTree = "<group>"; };
		8C77CAAF29FDCA8000787DD6 /* UIViewController+Instantiate.swift */ = {isa = PBXFileReference; lastKnownFileType = sourcecode.swift; path = "UIViewController+Instantiate.swift"; sourceTree = "<group>"; };
		8C91D67529F35AA600F33FDA /* Constants.swift */ = {isa = PBXFileReference; lastKnownFileType = sourcecode.swift; path = Constants.swift; sourceTree = "<group>"; };
		8C91D67729F35B3C00F33FDA /* NetworkLayer.swift */ = {isa = PBXFileReference; lastKnownFileType = sourcecode.swift; path = NetworkLayer.swift; sourceTree = "<group>"; };
		8C91D67929F35BE200F33FDA /* NewsAPI.swift */ = {isa = PBXFileReference; lastKnownFileType = sourcecode.swift; path = NewsAPI.swift; sourceTree = "<group>"; };
		8C91D67B29F35F0B00F33FDA /* News.swift */ = {isa = PBXFileReference; lastKnownFileType = sourcecode.swift; path = News.swift; sourceTree = "<group>"; };
		8CBD4B012A0004EB00DFE8B5 /* UIImageView+CornerRadius.swift */ = {isa = PBXFileReference; lastKnownFileType = sourcecode.swift; path = "UIImageView+CornerRadius.swift"; sourceTree = "<group>"; };
		8CBD4B032A00053B00DFE8B5 /* UIImageView+ScaleAspectFill.swift */ = {isa = PBXFileReference; lastKnownFileType = sourcecode.swift; path = "UIImageView+ScaleAspectFill.swift"; sourceTree = "<group>"; };
		8CBD4B062A00641D00DFE8B5 /* NewsDetailedView.swift */ = {isa = PBXFileReference; lastKnownFileType = sourcecode.swift; path = NewsDetailedView.swift; sourceTree = "<group>"; };
		8CBD4B092A0069A900DFE8B5 /* NoNewsFoundView.swift */ = {isa = PBXFileReference; lastKnownFileType = sourcecode.swift; path = NoNewsFoundView.swift; sourceTree = "<group>"; };
		8CE6419D29F45E9700B0F555 /* SupportedCountries.swift */ = {isa = PBXFileReference; lastKnownFileType = sourcecode.swift; path = SupportedCountries.swift; sourceTree = "<group>"; };
		8CE6419F29F4642400B0F555 /* MainNewsController.swift */ = {isa = PBXFileReference; lastKnownFileType = sourcecode.swift; path = MainNewsController.swift; sourceTree = "<group>"; };
		8CE641A129F4687800B0F555 /* AlertShower.swift */ = {isa = PBXFileReference; lastKnownFileType = sourcecode.swift; path = AlertShower.swift; sourceTree = "<group>"; };
		8CE641A429F4693A00B0F555 /* UITextField+Toolbar.swift */ = {isa = PBXFileReference; lastKnownFileType = sourcecode.swift; path = "UITextField+Toolbar.swift"; sourceTree = "<group>"; };
		8CE641A729F46B7B00B0F555 /* NewsCell.swift */ = {isa = PBXFileReference; lastKnownFileType = sourcecode.swift; path = NewsCell.swift; sourceTree = "<group>"; };
		8CE641A829F46B7B00B0F555 /* NewsCell.xib */ = {isa = PBXFileReference; lastKnownFileType = file.xib; path = NewsCell.xib; sourceTree = "<group>"; };
		CE242694216B45788B13817F /* Pods_MVCNewsApp.framework */ = {isa = PBXFileReference; explicitFileType = wrapper.framework; includeInIndex = 0; path = Pods_MVCNewsApp.framework; sourceTree = BUILT_PRODUCTS_DIR; };
/* End PBXFileReference section */

/* Begin PBXFrameworksBuildPhase section */
		8C682AA329F356C30084DAC8 /* Frameworks */ = {
			isa = PBXFrameworksBuildPhase;
			buildActionMask = 2147483647;
			files = (
				B44C9F5EF6DF6D9D06976E44 /* Pods_MVCNewsApp.framework in Frameworks */,
			);
			runOnlyForDeploymentPostprocessing = 0;
		};
/* End PBXFrameworksBuildPhase section */

/* Begin PBXGroup section */
		2563090FBE8A1387FFD93B12 /* Frameworks */ = {
			isa = PBXGroup;
			children = (
				CE242694216B45788B13817F /* Pods_MVCNewsApp.framework */,
			);
			name = Frameworks;
			sourceTree = "<group>";
		};
		8C682A9D29F356C30084DAC8 = {
			isa = PBXGroup;
			children = (
				8C682AA829F356C30084DAC8 /* MVCNewsApp */,
				8C682AA729F356C30084DAC8 /* Products */,
				A90FFEC6BCE9D4DA900B425B /* Pods */,
				2563090FBE8A1387FFD93B12 /* Frameworks */,
			);
			sourceTree = "<group>";
		};
		8C682AA729F356C30084DAC8 /* Products */ = {
			isa = PBXGroup;
			children = (
				8C682AA629F356C30084DAC8 /* MVCNewsApp.app */,
			);
			name = Products;
			sourceTree = "<group>";
		};
		8C682AA829F356C30084DAC8 /* MVCNewsApp */ = {
			isa = PBXGroup;
			children = (
				8C682AC129F358AE0084DAC8 /* Controllers */,
				8CE641A329F4693000B0F555 /* Extensions */,
				8C682AC329F358BB0084DAC8 /* Helpers */,
				8C682ABF29F358A30084DAC8 /* Models */,
				8C682AC229F358B50084DAC8 /* Networking */,
				8C682AC429F358C20084DAC8 /* Supporting files */,
				8C682AC029F358A80084DAC8 /* Views */,
			);
			path = MVCNewsApp;
			sourceTree = "<group>";
		};
		8C682ABF29F358A30084DAC8 /* Models */ = {
			isa = PBXGroup;
			children = (
				8CE6419B29F45E8300B0F555 /* DTOs */,
				8CE6419D29F45E9700B0F555 /* SupportedCountries.swift */,
			);
			path = Models;
			sourceTree = "<group>";
		};
		8C682AC029F358A80084DAC8 /* Views */ = {
			isa = PBXGroup;
			children = (
				8CBD4B082A00697800DFE8B5 /* CustomUI */,
				8CBD4B052A00626A00DFE8B5 /* NewsDetailed */,
				8C91D67229F359AC00F33FDA /* News */,
				8C682AC529F358D70084DAC8 /* Storyboards */,
			);
			path = Views;
			sourceTree = "<group>";
		};
		8C682AC129F358AE0084DAC8 /* Controllers */ = {
			isa = PBXGroup;
			children = (
				8CE6419F29F4642400B0F555 /* MainNewsController.swift */,
			);
			path = Controllers;
			sourceTree = "<group>";
		};
		8C682AC229F358B50084DAC8 /* Networking */ = {
			isa = PBXGroup;
			children = (
				8C91D67729F35B3C00F33FDA /* NetworkLayer.swift */,
				8C91D67929F35BE200F33FDA /* NewsAPI.swift */,
			);
			path = Networking;
			sourceTree = "<group>";
		};
		8C682AC329F358BB0084DAC8 /* Helpers */ = {
			isa = PBXGroup;
			children = (
				8CE641A129F4687800B0F555 /* AlertShower.swift */,
				8C91D67529F35AA600F33FDA /* Constants.swift */,
			);
			path = Helpers;
			sourceTree = "<group>";
		};
		8C682AC429F358C20084DAC8 /* Supporting files */ = {
			isa = PBXGroup;
			children = (
				8C682AA929F356C30084DAC8 /* AppDelegate.swift */,
				8C682AB229F356C40084DAC8 /* Assets.xcassets */,
				8C682AB729F356C40084DAC8 /* Info.plist */,
				8C682AAB29F356C30084DAC8 /* SceneDelegate.swift */,
			);
			path = "Supporting files";
			sourceTree = "<group>";
		};
		8C682AC529F358D70084DAC8 /* Storyboards */ = {
			isa = PBXGroup;
			children = (
				8C682AAF29F356C30084DAC8 /* Main.storyboard */,
				8C682AB429F356C40084DAC8 /* LaunchScreen.storyboard */,
			);
			path = Storyboards;
			sourceTree = "<group>";
		};
		8C91D67229F359AC00F33FDA /* News */ = {
			isa = PBXGroup;
			children = (
				8CE641A629F46B1A00B0F555 /* Components */,
				8C682AAD29F356C30084DAC8 /* MainNewsView.swift */,
			);
			path = News;
			sourceTree = "<group>";
		};
		8CBD4B052A00626A00DFE8B5 /* NewsDetailed */ = {
			isa = PBXGroup;
			children = (
				8CBD4B062A00641D00DFE8B5 /* NewsDetailedView.swift */,
			);
			path = NewsDetailed;
			sourceTree = "<group>";
		};
		8CBD4B082A00697800DFE8B5 /* CustomUI */ = {
			isa = PBXGroup;
			children = (
				8CBD4B092A0069A900DFE8B5 /* NoNewsFoundView.swift */,
			);
			path = CustomUI;
			sourceTree = "<group>";
		};
		8CE6419B29F45E8300B0F555 /* DTOs */ = {
			isa = PBXGroup;
			children = (
				8C91D67B29F35F0B00F33FDA /* News.swift */,
			);
			path = DTOs;
			sourceTree = "<group>";
		};
		8CE641A329F4693000B0F555 /* Extensions */ = {
			isa = PBXGroup;
			children = (
				8CE641A429F4693A00B0F555 /* UITextField+Toolbar.swift */,
				8C77CAAF29FDCA8000787DD6 /* UIViewController+Instantiate.swift */,
				8CBD4B012A0004EB00DFE8B5 /* UIImageView+CornerRadius.swift */,
				8CBD4B032A00053B00DFE8B5 /* UIImageView+ScaleAspectFill.swift */,
			);
			path = Extensions;
			sourceTree = "<group>";
		};
		8CE641A629F46B1A00B0F555 /* Components */ = {
			isa = PBXGroup;
			children = (
				8CE641A729F46B7B00B0F555 /* NewsCell.swift */,
				8CE641A829F46B7B00B0F555 /* NewsCell.xib */,
			);
			path = Components;
			sourceTree = "<group>";
		};
		A90FFEC6BCE9D4DA900B425B /* Pods */ = {
			isa = PBXGroup;
			children = (
				1B95C535F59159C34160976A /* Pods-MVCNewsApp.debug.xcconfig */,
				88DF5FBF8656303246889B59 /* Pods-MVCNewsApp.release.xcconfig */,
			);
			path = Pods;
			sourceTree = "<group>";
		};
/* End PBXGroup section */

/* Begin PBXNativeTarget section */
		8C682AA529F356C30084DAC8 /* MVCNewsApp */ = {
			isa = PBXNativeTarget;
			buildConfigurationList = 8C682ABA29F356C40084DAC8 /* Build configuration list for PBXNativeTarget "MVCNewsApp" */;
			buildPhases = (
				BD991B8A57313C6BF0D0AB58 /* [CP] Check Pods Manifest.lock */,
				8C682AA229F356C30084DAC8 /* Sources */,
				8C682AA329F356C30084DAC8 /* Frameworks */,
				8C682AA429F356C30084DAC8 /* Resources */,
				45C08A5983ACC48FBA5D3065 /* [CP] Embed Pods Frameworks */,
			);
			buildRules = (
			);
			dependencies = (
			);
			name = MVCNewsApp;
			productName = MVCNewsApp;
			productReference = 8C682AA629F356C30084DAC8 /* MVCNewsApp.app */;
			productType = "com.apple.product-type.application";
		};
/* End PBXNativeTarget section */

/* Begin PBXProject section */
		8C682A9E29F356C30084DAC8 /* Project object */ = {
			isa = PBXProject;
			attributes = {
				BuildIndependentTargetsInParallel = 1;
				LastSwiftUpdateCheck = 1430;
				LastUpgradeCheck = 1430;
				TargetAttributes = {
					8C682AA529F356C30084DAC8 = {
						CreatedOnToolsVersion = 14.3;
					};
				};
			};
			buildConfigurationList = 8C682AA129F356C30084DAC8 /* Build configuration list for PBXProject "MVCNewsApp" */;
			compatibilityVersion = "Xcode 14.0";
			developmentRegion = en;
			hasScannedForEncodings = 0;
			knownRegions = (
				en,
				Base,
			);
			mainGroup = 8C682A9D29F356C30084DAC8;
			productRefGroup = 8C682AA729F356C30084DAC8 /* Products */;
			projectDirPath = "";
			projectRoot = "";
			targets = (
				8C682AA529F356C30084DAC8 /* MVCNewsApp */,
			);
		};
/* End PBXProject section */

/* Begin PBXResourcesBuildPhase section */
		8C682AA429F356C30084DAC8 /* Resources */ = {
			isa = PBXResourcesBuildPhase;
			buildActionMask = 2147483647;
			files = (
				8C682AB629F356C40084DAC8 /* LaunchScreen.storyboard in Resources */,
				8C682AB329F356C40084DAC8 /* Assets.xcassets in Resources */,
				8CE641AA29F46B7B00B0F555 /* NewsCell.xib in Resources */,
				8C682AB129F356C30084DAC8 /* Main.storyboard in Resources */,
			);
			runOnlyForDeploymentPostprocessing = 0;
		};
/* End PBXResourcesBuildPhase section */

/* Begin PBXShellScriptBuildPhase section */
		45C08A5983ACC48FBA5D3065 /* [CP] Embed Pods Frameworks */ = {
			isa = PBXShellScriptBuildPhase;
			buildActionMask = 2147483647;
			files = (
			);
			inputFileListPaths = (
				"${PODS_ROOT}/Target Support Files/Pods-MVCNewsApp/Pods-MVCNewsApp-frameworks-${CONFIGURATION}-input-files.xcfilelist",
			);
			name = "[CP] Embed Pods Frameworks";
			outputFileListPaths = (
				"${PODS_ROOT}/Target Support Files/Pods-MVCNewsApp/Pods-MVCNewsApp-frameworks-${CONFIGURATION}-output-files.xcfilelist",
			);
			runOnlyForDeploymentPostprocessing = 0;
			shellPath = /bin/sh;
			shellScript = "\"${PODS_ROOT}/Target Support Files/Pods-MVCNewsApp/Pods-MVCNewsApp-frameworks.sh\"\n";
			showEnvVarsInLog = 0;
		};
		BD991B8A57313C6BF0D0AB58 /* [CP] Check Pods Manifest.lock */ = {
			isa = PBXShellScriptBuildPhase;
			buildActionMask = 2147483647;
			files = (
			);
			inputFileListPaths = (
			);
			inputPaths = (
				"${PODS_PODFILE_DIR_PATH}/Podfile.lock",
				"${PODS_ROOT}/Manifest.lock",
			);
			name = "[CP] Check Pods Manifest.lock";
			outputFileListPaths = (
			);
			outputPaths = (
				"$(DERIVED_FILE_DIR)/Pods-MVCNewsApp-checkManifestLockResult.txt",
			);
			runOnlyForDeploymentPostprocessing = 0;
			shellPath = /bin/sh;
			shellScript = "diff \"${PODS_PODFILE_DIR_PATH}/Podfile.lock\" \"${PODS_ROOT}/Manifest.lock\" > /dev/null\nif [ $? != 0 ] ; then\n    # print error to STDERR\n    echo \"error: The sandbox is not in sync with the Podfile.lock. Run 'pod install' or update your CocoaPods installation.\" >&2\n    exit 1\nfi\n# This output is used by Xcode 'outputs' to avoid re-running this script phase.\necho \"SUCCESS\" > \"${SCRIPT_OUTPUT_FILE_0}\"\n";
			showEnvVarsInLog = 0;
		};
/* End PBXShellScriptBuildPhase section */

/* Begin PBXSourcesBuildPhase section */
		8C682AA229F356C30084DAC8 /* Sources */ = {
			isa = PBXSourcesBuildPhase;
			buildActionMask = 2147483647;
			files = (
				8C91D67A29F35BE200F33FDA /* NewsAPI.swift in Sources */,
				8CE641A229F4687800B0F555 /* AlertShower.swift in Sources */,
				8C77CAB029FDCA8000787DD6 /* UIViewController+Instantiate.swift in Sources */,
				8C91D67629F35AA600F33FDA /* Constants.swift in Sources */,
				8C682AAE29F356C30084DAC8 /* MainNewsView.swift in Sources */,
				8CBD4B072A00641D00DFE8B5 /* NewsDetailedView.swift in Sources */,
				8CE641A029F4642400B0F555 /* MainNewsController.swift in Sources */,
				8CBD4B0A2A0069A900DFE8B5 /* NoNewsFoundView.swift in Sources */,
				8C682AAA29F356C30084DAC8 /* AppDelegate.swift in Sources */,
				8CBD4B022A0004EB00DFE8B5 /* UIImageView+CornerRadius.swift in Sources */,
				8CE641A529F4693A00B0F555 /* UITextField+Toolbar.swift in Sources */,
				8C91D67C29F35F0B00F33FDA /* News.swift in Sources */,
				8CE6419E29F45E9700B0F555 /* SupportedCountries.swift in Sources */,
				8CBD4B042A00053B00DFE8B5 /* UIImageView+ScaleAspectFill.swift in Sources */,
				8C91D67829F35B3C00F33FDA /* NetworkLayer.swift in Sources */,
				8CE641A929F46B7B00B0F555 /* NewsCell.swift in Sources */,
				8C682AAC29F356C30084DAC8 /* SceneDelegate.swift in Sources */,
			);
			runOnlyForDeploymentPostprocessing = 0;
		};
/* End PBXSourcesBuildPhase section */

/* Begin PBXVariantGroup section */
		8C682AAF29F356C30084DAC8 /* Main.storyboard */ = {
			isa = PBXVariantGroup;
			children = (
				8C682AB029F356C30084DAC8 /* Base */,
			);
			name = Main.storyboard;
			sourceTree = "<group>";
		};
		8C682AB429F356C40084DAC8 /* LaunchScreen.storyboard */ = {
			isa = PBXVariantGroup;
			children = (
				8C682AB529F356C40084DAC8 /* Base */,
			);
			name = LaunchScreen.storyboard;
			sourceTree = "<group>";
		};
/* End PBXVariantGroup section */

/* Begin XCBuildConfiguration section */
		8C682AB829F356C40084DAC8 /* Debug */ = {
			isa = XCBuildConfiguration;
			buildSettings = {
				ALWAYS_SEARCH_USER_PATHS = NO;
				CLANG_ANALYZER_NONNULL = YES;
				CLANG_ANALYZER_NUMBER_OBJECT_CONVERSION = YES_AGGRESSIVE;
				CLANG_CXX_LANGUAGE_STANDARD = "gnu++20";
				CLANG_ENABLE_MODULES = YES;
				CLANG_ENABLE_OBJC_ARC = YES;
				CLANG_ENABLE_OBJC_WEAK = YES;
				CLANG_WARN_BLOCK_CAPTURE_AUTORELEASING = YES;
				CLANG_WARN_BOOL_CONVERSION = YES;
				CLANG_WARN_COMMA = YES;
				CLANG_WARN_CONSTANT_CONVERSION = YES;
				CLANG_WARN_DEPRECATED_OBJC_IMPLEMENTATIONS = YES;
				CLANG_WARN_DIRECT_OBJC_ISA_USAGE = YES_ERROR;
				CLANG_WARN_DOCUMENTATION_COMMENTS = YES;
				CLANG_WARN_EMPTY_BODY = YES;
				CLANG_WARN_ENUM_CONVERSION = YES;
				CLANG_WARN_INFINITE_RECURSION = YES;
				CLANG_WARN_INT_CONVERSION = YES;
				CLANG_WARN_NON_LITERAL_NULL_CONVERSION = YES;
				CLANG_WARN_OBJC_IMPLICIT_RETAIN_SELF = YES;
				CLANG_WARN_OBJC_LITERAL_CONVERSION = YES;
				CLANG_WARN_OBJC_ROOT_CLASS = YES_ERROR;
				CLANG_WARN_QUOTED_INCLUDE_IN_FRAMEWORK_HEADER = YES;
				CLANG_WARN_RANGE_LOOP_ANALYSIS = YES;
				CLANG_WARN_STRICT_PROTOTYPES = YES;
				CLANG_WARN_SUSPICIOUS_MOVE = YES;
				CLANG_WARN_UNGUARDED_AVAILABILITY = YES_AGGRESSIVE;
				CLANG_WARN_UNREACHABLE_CODE = YES;
				CLANG_WARN__DUPLICATE_METHOD_MATCH = YES;
				COPY_PHASE_STRIP = NO;
				DEBUG_INFORMATION_FORMAT = dwarf;
				ENABLE_STRICT_OBJC_MSGSEND = YES;
				ENABLE_TESTABILITY = YES;
				GCC_C_LANGUAGE_STANDARD = gnu11;
				GCC_DYNAMIC_NO_PIC = NO;
				GCC_NO_COMMON_BLOCKS = YES;
				GCC_OPTIMIZATION_LEVEL = 0;
				GCC_PREPROCESSOR_DEFINITIONS = (
					"DEBUG=1",
					"$(inherited)",
				);
				GCC_WARN_64_TO_32_BIT_CONVERSION = YES;
				GCC_WARN_ABOUT_RETURN_TYPE = YES_ERROR;
				GCC_WARN_UNDECLARED_SELECTOR = YES;
				GCC_WARN_UNINITIALIZED_AUTOS = YES_AGGRESSIVE;
				GCC_WARN_UNUSED_FUNCTION = YES;
				GCC_WARN_UNUSED_VARIABLE = YES;
				IPHONEOS_DEPLOYMENT_TARGET = 16.4;
				MTL_ENABLE_DEBUG_INFO = INCLUDE_SOURCE;
				MTL_FAST_MATH = YES;
				ONLY_ACTIVE_ARCH = YES;
				SDKROOT = iphoneos;
				SWIFT_ACTIVE_COMPILATION_CONDITIONS = DEBUG;
				SWIFT_OPTIMIZATION_LEVEL = "-Onone";
			};
			name = Debug;
		};
		8C682AB929F356C40084DAC8 /* Release */ = {
			isa = XCBuildConfiguration;
			buildSettings = {
				ALWAYS_SEARCH_USER_PATHS = NO;
				CLANG_ANALYZER_NONNULL = YES;
				CLANG_ANALYZER_NUMBER_OBJECT_CONVERSION = YES_AGGRESSIVE;
				CLANG_CXX_LANGUAGE_STANDARD = "gnu++20";
				CLANG_ENABLE_MODULES = YES;
				CLANG_ENABLE_OBJC_ARC = YES;
				CLANG_ENABLE_OBJC_WEAK = YES;
				CLANG_WARN_BLOCK_CAPTURE_AUTORELEASING = YES;
				CLANG_WARN_BOOL_CONVERSION = YES;
				CLANG_WARN_COMMA = YES;
				CLANG_WARN_CONSTANT_CONVERSION = YES;
				CLANG_WARN_DEPRECATED_OBJC_IMPLEMENTATIONS = YES;
				CLANG_WARN_DIRECT_OBJC_ISA_USAGE = YES_ERROR;
				CLANG_WARN_DOCUMENTATION_COMMENTS = YES;
				CLANG_WARN_EMPTY_BODY = YES;
				CLANG_WARN_ENUM_CONVERSION = YES;
				CLANG_WARN_INFINITE_RECURSION = YES;
				CLANG_WARN_INT_CONVERSION = YES;
				CLANG_WARN_NON_LITERAL_NULL_CONVERSION = YES;
				CLANG_WARN_OBJC_IMPLICIT_RETAIN_SELF = YES;
				CLANG_WARN_OBJC_LITERAL_CONVERSION = YES;
				CLANG_WARN_OBJC_ROOT_CLASS = YES_ERROR;
				CLANG_WARN_QUOTED_INCLUDE_IN_FRAMEWORK_HEADER = YES;
				CLANG_WARN_RANGE_LOOP_ANALYSIS = YES;
				CLANG_WARN_STRICT_PROTOTYPES = YES;
				CLANG_WARN_SUSPICIOUS_MOVE = YES;
				CLANG_WARN_UNGUARDED_AVAILABILITY = YES_AGGRESSIVE;
				CLANG_WARN_UNREACHABLE_CODE = YES;
				CLANG_WARN__DUPLICATE_METHOD_MATCH = YES;
				COPY_PHASE_STRIP = NO;
				DEBUG_INFORMATION_FORMAT = "dwarf-with-dsym";
				ENABLE_NS_ASSERTIONS = NO;
				ENABLE_STRICT_OBJC_MSGSEND = YES;
				GCC_C_LANGUAGE_STANDARD = gnu11;
				GCC_NO_COMMON_BLOCKS = YES;
				GCC_WARN_64_TO_32_BIT_CONVERSION = YES;
				GCC_WARN_ABOUT_RETURN_TYPE = YES_ERROR;
				GCC_WARN_UNDECLARED_SELECTOR = YES;
				GCC_WARN_UNINITIALIZED_AUTOS = YES_AGGRESSIVE;
				GCC_WARN_UNUSED_FUNCTION = YES;
				GCC_WARN_UNUSED_VARIABLE = YES;
				IPHONEOS_DEPLOYMENT_TARGET = 16.4;
				MTL_ENABLE_DEBUG_INFO = NO;
				MTL_FAST_MATH = YES;
				SDKROOT = iphoneos;
				SWIFT_COMPILATION_MODE = wholemodule;
				SWIFT_OPTIMIZATION_LEVEL = "-O";
				VALIDATE_PRODUCT = YES;
			};
			name = Release;
		};
		8C682ABB29F356C40084DAC8 /* Debug */ = {
			isa = XCBuildConfiguration;
			baseConfigurationReference = 1B95C535F59159C34160976A /* Pods-MVCNewsApp.debug.xcconfig */;
			buildSettings = {
				ASSETCATALOG_COMPILER_APPICON_NAME = AppIcon;
				ASSETCATALOG_COMPILER_GLOBAL_ACCENT_COLOR_NAME = AccentColor;
				CODE_SIGN_STYLE = Automatic;
				CURRENT_PROJECT_VERSION = 1;
				DEVELOPMENT_TEAM = 2NHD6297F2;
				GENERATE_INFOPLIST_FILE = YES;
				INFOPLIST_FILE = "MVCNewsApp/Supporting files/Info.plist";
				INFOPLIST_KEY_UIApplicationSupportsIndirectInputEvents = YES;
				INFOPLIST_KEY_UILaunchStoryboardName = LaunchScreen;
				INFOPLIST_KEY_UIMainStoryboardFile = Main;
				INFOPLIST_KEY_UISupportedInterfaceOrientations_iPad = "UIInterfaceOrientationPortrait UIInterfaceOrientationPortraitUpsideDown UIInterfaceOrientationLandscapeLeft UIInterfaceOrientationLandscapeRight";
				INFOPLIST_KEY_UISupportedInterfaceOrientations_iPhone = "UIInterfaceOrientationPortrait UIInterfaceOrientationLandscapeLeft UIInterfaceOrientationLandscapeRight";
				LD_RUNPATH_SEARCH_PATHS = (
					"$(inherited)",
					"@executable_path/Frameworks",
				);
				MARKETING_VERSION = 1.0;
				PRODUCT_BUNDLE_IDENTIFIER = ibaika.MVCNewsApp;
				PRODUCT_NAME = "$(TARGET_NAME)";
				SWIFT_EMIT_LOC_STRINGS = YES;
				SWIFT_VERSION = 5.0;
				TARGETED_DEVICE_FAMILY = "1,2";
			};
			name = Debug;
		};
		8C682ABC29F356C40084DAC8 /* Release */ = {
			isa = XCBuildConfiguration;
			baseConfigurationReference = 88DF5FBF8656303246889B59 /* Pods-MVCNewsApp.release.xcconfig */;
			buildSettings = {
				ASSETCATALOG_COMPILER_APPICON_NAME = AppIcon;
				ASSETCATALOG_COMPILER_GLOBAL_ACCENT_COLOR_NAME = AccentColor;
				CODE_SIGN_STYLE = Automatic;
				CURRENT_PROJECT_VERSION = 1;
				DEVELOPMENT_TEAM = 2NHD6297F2;
				GENERATE_INFOPLIST_FILE = YES;
				INFOPLIST_FILE = "MVCNewsApp/Supporting files/Info.plist";
				INFOPLIST_KEY_UIApplicationSupportsIndirectInputEvents = YES;
				INFOPLIST_KEY_UILaunchStoryboardName = LaunchScreen;
				INFOPLIST_KEY_UIMainStoryboardFile = Main;
				INFOPLIST_KEY_UISupportedInterfaceOrientations_iPad = "UIInterfaceOrientationPortrait UIInterfaceOrientationPortraitUpsideDown UIInterfaceOrientationLandscapeLeft UIInterfaceOrientationLandscapeRight";
				INFOPLIST_KEY_UISupportedInterfaceOrientations_iPhone = "UIInterfaceOrientationPortrait UIInterfaceOrientationLandscapeLeft UIInterfaceOrientationLandscapeRight";
				LD_RUNPATH_SEARCH_PATHS = (
					"$(inherited)",
					"@executable_path/Frameworks",
				);
				MARKETING_VERSION = 1.0;
				PRODUCT_BUNDLE_IDENTIFIER = ibaika.MVCNewsApp;
				PRODUCT_NAME = "$(TARGET_NAME)";
				SWIFT_EMIT_LOC_STRINGS = YES;
				SWIFT_VERSION = 5.0;
				TARGETED_DEVICE_FAMILY = "1,2";
			};
			name = Release;
		};
/* End XCBuildConfiguration section */

/* Begin XCConfigurationList section */
		8C682AA129F356C30084DAC8 /* Build configuration list for PBXProject "MVCNewsApp" */ = {
			isa = XCConfigurationList;
			buildConfigurations = (
				8C682AB829F356C40084DAC8 /* Debug */,
				8C682AB929F356C40084DAC8 /* Release */,
			);
			defaultConfigurationIsVisible = 0;
			defaultConfigurationName = Release;
		};
		8C682ABA29F356C40084DAC8 /* Build configuration list for PBXNativeTarget "MVCNewsApp" */ = {
			isa = XCConfigurationList;
			buildConfigurations = (
				8C682ABB29F356C40084DAC8 /* Debug */,
				8C682ABC29F356C40084DAC8 /* Release */,
			);
			defaultConfigurationIsVisible = 0;
			defaultConfigurationName = Release;
		};
/* End XCConfigurationList section */
	};
	rootObject = 8C682A9E29F356C30084DAC8 /* Project object */;
}
